
Microsoft Visual Studio Solution File, Format Version 12.00
# Visual Studio Version 17
VisualStudioVersion = 17.5.33627.172
MinimumVisualStudioVersion = 10.0.40219.1
Project("{FAE04EC0-301F-11D3-BF4B-00C04F79EFBC}") = "ConsoleApp3", "ConsoleApp3\ConsoleApp3.csproj", "{F8E43A38-CA72-4A57-845D-56D9A618D295}"
EndProject
Global
	GlobalSection(SolutionConfigurationPlatforms) = preSolution
		Debug|Any CPU = Debug|Any CPU
		Release|Any CPU = Release|Any CPU
	EndGlobalSection
	GlobalSection(ProjectConfigurationPlatforms) = postSolution
		{F8E43A38-CA72-4A57-845D-56D9A618D295}.Debug|Any CPU.ActiveCfg = Debug|Any CPU
		{F8E43A38-CA72-4A57-845D-56D9A618D295}.Debug|Any CPU.Build.0 = Debug|Any CPU
		{F8E43A38-CA72-4A57-845D-56D9A618D295}.Release|Any CPU.ActiveCfg = Release|Any CPU
		{F8E43A38-CA72-4A57-845D-56D9A618D295}.Release|Any CPU.Build.0 = Release|Any CPU
	EndGlobalSection
	GlobalSection(SolutionProperties) = preSolution
		HideSolutionNode = FALSE
	EndGlobalSection
	GlobalSection(ExtensibilityGlobals) = postSolution
		SolutionGuid = {A0CFD313-5845-407B-A43C-2C1F953A0F78}
	EndGlobalSection
EndGlobal
